
Microsoft Visual Studio Solution File, Format Version 12.00
# Visual Studio Version 17
VisualStudioVersion = 17.1.32228.430
MinimumVisualStudioVersion = 10.0.40219.1
Project("{FAE04EC0-301F-11D3-BF4B-00C04F79EFBC}") = "React - server", "React - server\React - server.csproj", "{14B4502E-A11A-427B-872A-99201997E061}"
EndProject
Global
	GlobalSection(SolutionConfigurationPlatforms) = preSolution
		Debug|Any CPU = Debug|Any CPU
		Release|Any CPU = Release|Any CPU
	EndGlobalSection
	GlobalSection(ProjectConfigurationPlatforms) = postSolution
		{14B4502E-A11A-427B-872A-99201997E061}.Debug|Any CPU.ActiveCfg = Debug|Any CPU
		{14B4502E-A11A-427B-872A-99201997E061}.Debug|Any CPU.Build.0 = Debug|Any CPU
		{14B4502E-A11A-427B-872A-99201997E061}.Release|Any CPU.ActiveCfg = Release|Any CPU
		{14B4502E-A11A-427B-872A-99201997E061}.Release|Any CPU.Build.0 = Release|Any CPU
	EndGlobalSection
	GlobalSection(SolutionProperties) = preSolution
		HideSolutionNode = FALSE
	EndGlobalSection
	GlobalSection(ExtensibilityGlobals) = postSolution
		SolutionGuid = {262D7131-4C2B-4E5A-A2A2-E0E524FDEB8B}
	EndGlobalSection
EndGlobal
